
Microsoft Visual Studio Solution File, Format Version 12.00
# Visual Studio Version 17
VisualStudioVersion = 17.13.35825.156 d17.13
MinimumVisualStudioVersion = 10.0.40219.1
Project("{FAE04EC0-301F-11D3-BF4B-00C04F79EFBC}") = "LAB-03", "LAB-03\LAB-03.csproj", "{379EC6D2-3E21-423C-B897-6B7529E7FFBC}"
EndProject
Global
	GlobalSection(SolutionConfigurationPlatforms) = preSolution
		Debug|Any CPU = Debug|Any CPU
		Release|Any CPU = Release|Any CPU
	EndGlobalSection
	GlobalSection(ProjectConfigurationPlatforms) = postSolution
		{379EC6D2-3E21-423C-B897-6B7529E7FFBC}.Debug|Any CPU.ActiveCfg = Debug|Any CPU
		{379EC6D2-3E21-423C-B897-6B7529E7FFBC}.Debug|Any CPU.Build.0 = Debug|Any CPU
		{379EC6D2-3E21-423C-B897-6B7529E7FFBC}.Release|Any CPU.ActiveCfg = Release|Any CPU
		{379EC6D2-3E21-423C-B897-6B7529E7FFBC}.Release|Any CPU.Build.0 = Release|Any CPU
	EndGlobalSection
	GlobalSection(SolutionProperties) = preSolution
		HideSolutionNode = FALSE
	EndGlobalSection
	GlobalSection(ExtensibilityGlobals) = postSolution
		SolutionGuid = {F136B7D2-5995-48A7-B80D-E36D595E8225}
	EndGlobalSection
EndGlobal
